// !$*UTF8*$!
{
	archiveVersion = 1;
	classes = {
	};
	objectVersion = 50;
	objects = {

/* Begin PBXBuildFile section */
		782AE65020B48342006E2C06 /* AppDelegate.swift in Sources */ = {isa = PBXBuildFile; fileRef = 782AE64F20B48342006E2C06 /* AppDelegate.swift */; };
		782AE65220B48342006E2C06 /* ViewController.swift in Sources */ = {isa = PBXBuildFile; fileRef = 782AE65120B48342006E2C06 /* ViewController.swift */; };
		782AE65520B48342006E2C06 /* Main.storyboard in Resources */ = {isa = PBXBuildFile; fileRef = 782AE65320B48342006E2C06 /* Main.storyboard */; };
		782AE65720B48343006E2C06 /* Assets.xcassets in Resources */ = {isa = PBXBuildFile; fileRef = 782AE65620B48343006E2C06 /* Assets.xcassets */; };
		782AE65A20B48343006E2C06 /* LaunchScreen.storyboard in Resources */ = {isa = PBXBuildFile; fileRef = 782AE65820B48343006E2C06 /* LaunchScreen.storyboard */; };
		782AE66220B486A4006E2C06 /* EffectsViewController.swift in Sources */ = {isa = PBXBuildFile; fileRef = 782AE66120B486A4006E2C06 /* EffectsViewController.swift */; };
		782AE66420B486B6006E2C06 /* FinalViewController.swift in Sources */ = {isa = PBXBuildFile; fileRef = 782AE66320B486B6006E2C06 /* FinalViewController.swift */; };
		782AE66620B48E02006E2C06 /* FilterManager.swift in Sources */ = {isa = PBXBuildFile; fileRef = 782AE66520B48E02006E2C06 /* FilterManager.swift */; };
		782AE66820B49537006E2C06 /* EffectsCollectionViewCell.swift in Sources */ = {isa = PBXBuildFile; fileRef = 782AE66720B49537006E2C06 /* EffectsCollectionViewCell.swift */; };
/* End PBXBuildFile section */

/* Begin PBXFileReference section */
		782AE64C20B48342006E2C06 /* Fotoriod.app */ = {isa = PBXFileReference; explicitFileType = wrapper.application; includeInIndex = 0; path = Fotoriod.app; sourceTree = BUILT_PRODUCTS_DIR; };
		782AE64F20B48342006E2C06 /* AppDelegate.swift */ = {isa = PBXFileReference; lastKnownFileType = sourcecode.swift; path = AppDelegate.swift; sourceTree = "<group>"; };
		782AE65120B48342006E2C06 /* ViewController.swift */ = {isa = PBXFileReference; lastKnownFileType = sourcecode.swift; path = ViewController.swift; sourceTree = "<group>"; };
		782AE65420B48342006E2C06 /* Base */ = {isa = PBXFileReference; lastKnownFileType = file.storyboard; name = Base; path = Base.lproj/Main.storyboard; sourceTree = "<group>"; };
		782AE65620B48343006E2C06 /* Assets.xcassets */ = {isa = PBXFileReference; lastKnownFileType = folder.assetcatalog; path = Assets.xcassets; sourceTree = "<group>"; };
		782AE65920B48343006E2C06 /* Base */ = {isa = PBXFileReference; lastKnownFileType = file.storyboard; name = Base; path = Base.lproj/LaunchScreen.storyboard; sourceTree = "<group>"; };
		782AE65B20B48343006E2C06 /* Info.plist */ = {isa = PBXFileReference; lastKnownFileType = text.plist.xml; path = Info.plist; sourceTree = "<group>"; };
		782AE66120B486A4006E2C06 /* EffectsViewController.swift */ = {isa = PBXFileReference; lastKnownFileType = sourcecode.swift; path = EffectsViewController.swift; sourceTree = "<group>"; };
		782AE66320B486B6006E2C06 /* FinalViewController.swift */ = {isa = PBXFileReference; lastKnownFileType = sourcecode.swift; path = FinalViewController.swift; sourceTree = "<group>"; };
		782AE66520B48E02006E2C06 /* FilterManager.swift */ = {isa = PBXFileReference; lastKnownFileType = sourcecode.swift; path = FilterManager.swift; sourceTree = "<group>"; };
		782AE66720B49537006E2C06 /* EffectsCollectionViewCell.swift */ = {isa = PBXFileReference; lastKnownFileType = sourcecode.swift; path = EffectsCollectionViewCell.swift; sourceTree = "<group>"; };
/* End PBXFileReference section */

/* Begin PBXFrameworksBuildPhase section */
		782AE64920B48342006E2C06 /* Frameworks */ = {
			isa = PBXFrameworksBuildPhase;
			buildActionMask = 2147483647;
			files = (
			);
			runOnlyForDeploymentPostprocessing = 0;
		};
/* End PBXFrameworksBuildPhase section */

/* Begin PBXGroup section */
		782AE64320B48342006E2C06 = {
			isa = PBXGroup;
			children = (
				782AE64E20B48342006E2C06 /* Fotoriod */,
				782AE64D20B48342006E2C06 /* Products */,
			);
			sourceTree = "<group>";
		};
		782AE64D20B48342006E2C06 /* Products */ = {
			isa = PBXGroup;
			children = (
				782AE64C20B48342006E2C06 /* Fotoriod.app */,
			);
			name = Products;
			sourceTree = "<group>";
		};
		782AE64E20B48342006E2C06 /* Fotoriod */ = {
			isa = PBXGroup;
			children = (
				782AE64F20B48342006E2C06 /* AppDelegate.swift */,
				782AE65320B48342006E2C06 /* Main.storyboard */,
				782AE66320B486B6006E2C06 /* FinalViewController.swift */,
				782AE65120B48342006E2C06 /* ViewController.swift */,
				782AE66120B486A4006E2C06 /* EffectsViewController.swift */,
				782AE66720B49537006E2C06 /* EffectsCollectionViewCell.swift */,
				782AE66520B48E02006E2C06 /* FilterManager.swift */,
				782AE65620B48343006E2C06 /* Assets.xcassets */,
				782AE65820B48343006E2C06 /* LaunchScreen.storyboard */,
				782AE65B20B48343006E2C06 /* Info.plist */,
			);
			path = Fotoriod;
			sourceTree = "<group>";
		};
/* End PBXGroup section */

/* Begin PBXNativeTarget section */
		782AE64B20B48342006E2C06 /* Fotoriod */ = {
			isa = PBXNativeTarget;
			buildConfigurationList = 782AE65E20B48343006E2C06 /* Build configuration list for PBXNativeTarget "Fotoriod" */;
			buildPhases = (
				782AE64820B48342006E2C06 /* Sources */,
				782AE64920B48342006E2C06 /* Frameworks */,
				782AE64A20B48342006E2C06 /* Resources */,
			);
			buildRules = (
			);
			dependencies = (
			);
			name = Fotoriod;
			productName = Fotoriod;
			productReference = 782AE64C20B48342006E2C06 /* Fotoriod.app */;
			productType = "com.apple.product-type.application";
		};
/* End PBXNativeTarget section */

/* Begin PBXProject section */
		782AE64420B48342006E2C06 /* Project object */ = {
			isa = PBXProject;
			attributes = {
				LastSwiftUpdateCheck = 0930;
				LastUpgradeCheck = 0930;
				ORGANIZATIONNAME = "Joao Rocha";
				TargetAttributes = {
					782AE64B20B48342006E2C06 = {
						CreatedOnToolsVersion = 9.3;
					};
				};
			};
			buildConfigurationList = 782AE64720B48342006E2C06 /* Build configuration list for PBXProject "Fotoriod" */;
			compatibilityVersion = "Xcode 9.3";
			developmentRegion = en;
			hasScannedForEncodings = 0;
			knownRegions = (
				en,
				Base,
			);
			mainGroup = 782AE64320B48342006E2C06;
			productRefGroup = 782AE64D20B48342006E2C06 /* Products */;
			projectDirPath = "";
			projectRoot = "";
			targets = (
				782AE64B20B48342006E2C06 /* Fotoriod */,
			);
		};
/* End PBXProject section */

/* Begin PBXResourcesBuildPhase section */
		782AE64A20B48342006E2C06 /* Resources */ = {
			isa = PBXResourcesBuildPhase;
			buildActionMask = 2147483647;
			files = (
				782AE65A20B48343006E2C06 /* LaunchScreen.storyboard in Resources */,
				782AE65720B48343006E2C06 /* Assets.xcassets in Resources */,
				782AE65520B48342006E2C06 /* Main.storyboard in Resources */,
			);
			runOnlyForDeploymentPostprocessing = 0;
		};
/* End PBXResourcesBuildPhase section */

/* Begin PBXSourcesBuildPhase section */
		782AE64820B48342006E2C06 /* Sources */ = {
			isa = PBXSourcesBuildPhase;
			buildActionMask = 2147483647;
			files = (
				782AE66620B48E02006E2C06 /* FilterManager.swift in Sources */,
				782AE65220B48342006E2C06 /* ViewController.swift in Sources */,
				782AE66420B486B6006E2C06 /* FinalViewController.swift in Sources */,
				782AE66820B49537006E2C06 /* EffectsCollectionViewCell.swift in Sources */,
				782AE65020B48342006E2C06 /* AppDelegate.swift in Sources */,
				782AE66220B486A4006E2C06 /* EffectsViewController.swift in Sources */,
			);
			runOnlyForDeploymentPostprocessing = 0;
		};
/* End PBXSourcesBuildPhase section */

/* Begin PBXVariantGroup section */
		782AE65320B48342006E2C06 /* Main.storyboard */ = {
			isa = PBXVariantGroup;
			children = (
				782AE65420B48342006E2C06 /* Base */,
			);
			name = Main.storyboard;
			sourceTree = "<group>";
		};
		782AE65820B48343006E2C06 /* LaunchScreen.storyboard */ = {
			isa = PBXVariantGroup;
			children = (
				782AE65920B48343006E2C06 /* Base */,
			);
			name = LaunchScreen.storyboard;
			sourceTree = "<group>";
		};
/* End PBXVariantGroup section */

/* Begin XCBuildConfiguration section */
		782AE65C20B48343006E2C06 /* Debug */ = {
			isa = XCBuildConfiguration;
			buildSettings = {
				ALWAYS_SEARCH_USER_PATHS = NO;
				CLANG_ANALYZER_NONNULL = YES;
				CLANG_ANALYZER_NUMBER_OBJECT_CONVERSION = YES_AGGRESSIVE;
				CLANG_CXX_LANGUAGE_STANDARD = "gnu++14";
				CLANG_CXX_LIBRARY = "libc++";
				CLANG_ENABLE_MODULES = YES;
				CLANG_ENABLE_OBJC_ARC = YES;
				CLANG_ENABLE_OBJC_WEAK = YES;
				CLANG_WARN_BLOCK_CAPTURE_AUTORELEASING = YES;
				CLANG_WARN_BOOL_CONVERSION = YES;
				CLANG_WARN_COMMA = YES;
				CLANG_WARN_CONSTANT_CONVERSION = YES;
				CLANG_WARN_DEPRECATED_OBJC_IMPLEMENTATIONS = YES;
				CLANG_WARN_DIRECT_OBJC_ISA_USAGE = YES_ERROR;
				CLANG_WARN_DOCUMENTATION_COMMENTS = YES;
				CLANG_WARN_EMPTY_BODY = YES;
				CLANG_WARN_ENUM_CONVERSION = YES;
				CLANG_WARN_INFINITE_RECURSION = YES;
				CLANG_WARN_INT_CONVERSION = YES;
				CLANG_WARN_NON_LITERAL_NULL_CONVERSION = YES;
				CLANG_WARN_OBJC_IMPLICIT_RETAIN_SELF = YES;
				CLANG_WARN_OBJC_LITERAL_CONVERSION = YES;
				CLANG_WARN_OBJC_ROOT_CLASS = YES_ERROR;
				CLANG_WARN_RANGE_LOOP_ANALYSIS = YES;
				CLANG_WARN_STRICT_PROTOTYPES = YES;
				CLANG_WARN_SUSPICIOUS_MOVE = YES;
				CLANG_WARN_UNGUARDED_AVAILABILITY = YES_AGGRESSIVE;
				CLANG_WARN_UNREACHABLE_CODE = YES;
				CLANG_WARN__DUPLICATE_METHOD_MATCH = YES;
				CODE_SIGN_IDENTITY = "iPhone Developer";
				COPY_PHASE_STRIP = NO;
				DEBUG_INFORMATION_FORMAT = dwarf;
				ENABLE_STRICT_OBJC_MSGSEND = YES;
				ENABLE_TESTABILITY = YES;
				GCC_C_LANGUAGE_STANDARD = gnu11;
				GCC_DYNAMIC_NO_PIC = NO;
				GCC_NO_COMMON_BLOCKS = YES;
				GCC_OPTIMIZATION_LEVEL = 0;
				GCC_PREPROCESSOR_DEFINITIONS = (
					"DEBUG=1",
					"$(inherited)",
				);
				GCC_WARN_64_TO_32_BIT_CONVERSION = YES;
				GCC_WARN_ABOUT_RETURN_TYPE = YES_ERROR;
				GCC_WARN_UNDECLARED_SELECTOR = YES;
				GCC_WARN_UNINITIALIZED_AUTOS = YES_AGGRESSIVE;
				GCC_WARN_UNUSED_FUNCTION = YES;
				GCC_WARN_UNUSED_VARIABLE = YES;
				IPHONEOS_DEPLOYMENT_TARGET = 11.3;
				MTL_ENABLE_DEBUG_INFO = YES;
				ONLY_ACTIVE_ARCH = YES;
				SDKROOT = iphoneos;
				SWIFT_ACTIVE_COMPILATION_CONDITIONS = DEBUG;
				SWIFT_OPTIMIZATION_LEVEL = "-Onone";
			};
			name = Debug;
		};
		782AE65D20B48343006E2C06 /* Release */ = {
			isa = XCBuildConfiguration;
			buildSettings = {
				ALWAYS_SEARCH_USER_PATHS = NO;
				CLANG_ANALYZER_NONNULL = YES;
				CLANG_ANALYZER_NUMBER_OBJECT_CONVERSION = YES_AGGRESSIVE;
				CLANG_CXX_LANGUAGE_STANDARD = "gnu++14";
				CLANG_CXX_LIBRARY = "libc++";
				CLANG_ENABLE_MODULES = YES;
				CLANG_ENABLE_OBJC_ARC = YES;
				CLANG_ENABLE_OBJC_WEAK = YES;
				CLANG_WARN_BLOCK_CAPTURE_AUTORELEASING = YES;
				CLANG_WARN_BOOL_CONVERSION = YES;
				CLANG_WARN_COMMA = YES;
				CLANG_WARN_CONSTANT_CONVERSION = YES;
				CLANG_WARN_DEPRECATED_OBJC_IMPLEMENTATIONS = YES;
				CLANG_WARN_DIRECT_OBJC_ISA_USAGE = YES_ERROR;
				CLANG_WARN_DOCUMENTATION_COMMENTS = YES;
				CLANG_WARN_EMPTY_BODY = YES;
				CLANG_WARN_ENUM_CONVERSION = YES;
				CLANG_WARN_INFINITE_RECURSION = YES;
				CLANG_WARN_INT_CONVERSION = YES;
				CLANG_WARN_NON_LITERAL_NULL_CONVERSION = YES;
				CLANG_WARN_OBJC_IMPLICIT_RETAIN_SELF = YES;
				CLANG_WARN_OBJC_LITERAL_CONVERSION = YES;
				CLANG_WARN_OBJC_ROOT_CLASS = YES_ERROR;
				CLANG_WARN_RANGE_LOOP_ANALYSIS = YES;
				CLANG_WARN_STRICT_PROTOTYPES = YES;
				CLANG_WARN_SUSPICIOUS_MOVE = YES;
				CLANG_WARN_UNGUARDED_AVAILABILITY = YES_AGGRESSIVE;
				CLANG_WARN_UNREACHABLE_CODE = YES;
				CLANG_WARN__DUPLICATE_METHOD_MATCH = YES;
				CODE_SIGN_IDENTITY = "iPhone Developer";
				COPY_PHASE_STRIP = NO;
				DEBUG_INFORMATION_FORMAT = "dwarf-with-dsym";
				ENABLE_NS_ASSERTIONS = NO;
				ENABLE_STRICT_OBJC_MSGSEND = YES;
				GCC_C_LANGUAGE_STANDARD = gnu11;
				GCC_NO_COMMON_BLOCKS = YES;
				GCC_WARN_64_TO_32_BIT_CONVERSION = YES;
				GCC_WARN_ABOUT_RETURN_TYPE = YES_ERROR;
				GCC_WARN_UNDECLARED_SELECTOR = YES;
				GCC_WARN_UNINITIALIZED_AUTOS = YES_AGGRESSIVE;
				GCC_WARN_UNUSED_FUNCTION = YES;
				GCC_WARN_UNUSED_VARIABLE = YES;
				IPHONEOS_DEPLOYMENT_TARGET = 11.3;
				MTL_ENABLE_DEBUG_INFO = NO;
				SDKROOT = iphoneos;
				SWIFT_COMPILATION_MODE = wholemodule;
				SWIFT_OPTIMIZATION_LEVEL = "-O";
				VALIDATE_PRODUCT = YES;
			};
			name = Release;
		};
		782AE65F20B48343006E2C06 /* Debug */ = {
			isa = XCBuildConfiguration;
			buildSettings = {
				ASSETCATALOG_COMPILER_APPICON_NAME = AppIcon;
				CODE_SIGN_STYLE = Automatic;
				DEVELOPMENT_TEAM = XKFCJ2D2M6;
				INFOPLIST_FILE = Fotoriod/Info.plist;
				LD_RUNPATH_SEARCH_PATHS = (
					"$(inherited)",
					"@executable_path/Frameworks",
				);
				PRODUCT_BUNDLE_IDENTIFIER = com.joaorocha.Fotoriod;
				PRODUCT_NAME = "$(TARGET_NAME)";
				SWIFT_VERSION = 4.0;
				TARGETED_DEVICE_FAMILY = 1;
			};
			name = Debug;
		};
		782AE66020B48343006E2C06 /* Release */ = {
			isa = XCBuildConfiguration;
			buildSettings = {
				ASSETCATALOG_COMPILER_APPICON_NAME = AppIcon;
				CODE_SIGN_STYLE = Automatic;
				DEVELOPMENT_TEAM = XKFCJ2D2M6;
				INFOPLIST_FILE = Fotoriod/Info.plist;
				LD_RUNPATH_SEARCH_PATHS = (
					"$(inherited)",
					"@executable_path/Frameworks",
				);
				PRODUCT_BUNDLE_IDENTIFIER = com.joaorocha.Fotoriod;
				PRODUCT_NAME = "$(TARGET_NAME)";
				SWIFT_VERSION = 4.0;
				TARGETED_DEVICE_FAMILY = 1;
			};
			name = Release;
		};
/* End XCBuildConfiguration section */

/* Begin XCConfigurationList section */
		782AE64720B48342006E2C06 /* Build configuration list for PBXProject "Fotoriod" */ = {
			isa = XCConfigurationList;
			buildConfigurations = (
				782AE65C20B48343006E2C06 /* Debug */,
				782AE65D20B48343006E2C06 /* Release */,
			);
			defaultConfigurationIsVisible = 0;
			defaultConfigurationName = Release;
		};
		782AE65E20B48343006E2C06 /* Build configuration list for PBXNativeTarget "Fotoriod" */ = {
			isa = XCConfigurationList;
			buildConfigurations = (
				782AE65F20B48343006E2C06 /* Debug */,
				782AE66020B48343006E2C06 /* Release */,
			);
			defaultConfigurationIsVisible = 0;
			defaultConfigurationName = Release;
		};
/* End XCConfigurationList section */
	};
	rootObject = 782AE64420B48342006E2C06 /* Project object */;
}
